Microsoft Visual Studio Solution File, Format Version 12.00
# Visual Studio Version 17
VisualStudioVersion = 17.5.2.0
MinimumVisualStudioVersion = 10.0.40219.1
Project("{FAE04EC0-301F-11D3-BF4B-00C04F79EFBC}") = "AlbionDpsMeter", "AlbionDpsMeter.csproj", "{192B6111-F599-CE16-3BCF-63E1A3F08180}"
EndProject
Global
	GlobalSection(SolutionConfigurationPlatforms) = preSolution
		Debug|Any CPU = Debug|Any CPU
		Release|Any CPU = Release|Any CPU
	EndGlobalSection
	GlobalSection(ProjectConfigurationPlatforms) = postSolution
		{192B6111-F599-CE16-3BCF-63E1A3F08180}.Debug|Any CPU.ActiveCfg = Debug|Any CPU
		{192B6111-F599-CE16-3BCF-63E1A3F08180}.Debug|Any CPU.Build.0 = Debug|Any CPU
		{192B6111-F599-CE16-3BCF-63E1A3F08180}.Release|Any CPU.ActiveCfg = Release|Any CPU
		{192B6111-F599-CE16-3BCF-63E1A3F08180}.Release|Any CPU.Build.0 = Release|Any CPU
	EndGlobalSection
	GlobalSection(SolutionProperties) = preSolution
		HideSolutionNode = FALSE
	EndGlobalSection
	GlobalSection(ExtensibilityGlobals) = postSolution
		SolutionGuid = {736BD479-387B-43D2-9A1D-44054C29DA05}
	EndGlobalSection
EndGlobal
